
Microsoft Visual Studio Solution File, Format Version 12.00
# Visual Studio Version 16
VisualStudioVersion = 16.0.30611.23
MinimumVisualStudioVersion = 10.0.40219.1
Project("{FAE04EC0-301F-11D3-BF4B-00C04F79EFBC}") = "ConsoleApp1", "ConsoleApp1\ConsoleApp1.csproj", "{FD19C51D-6FBB-4A87-A046-F16CB50F9EA2}"
EndProject
Global
	GlobalSection(SolutionConfigurationPlatforms) = preSolution
		Debug|Any CPU = Debug|Any CPU
		Release|Any CPU = Release|Any CPU
	EndGlobalSection
	GlobalSection(ProjectConfigurationPlatforms) = postSolution
		{FD19C51D-6FBB-4A87-A046-F16CB50F9EA2}.Debug|Any CPU.ActiveCfg = Debug|Any CPU
		{FD19C51D-6FBB-4A87-A046-F16CB50F9EA2}.Debug|Any CPU.Build.0 = Debug|Any CPU
		{FD19C51D-6FBB-4A87-A046-F16CB50F9EA2}.Release|Any CPU.ActiveCfg = Release|Any CPU
		{FD19C51D-6FBB-4A87-A046-F16CB50F9EA2}.Release|Any CPU.Build.0 = Release|Any CPU
	EndGlobalSection
	GlobalSection(SolutionProperties) = preSolution
		HideSolutionNode = FALSE
	EndGlobalSection
	GlobalSection(ExtensibilityGlobals) = postSolution
		SolutionGuid = {95DFC20A-9B7B-48A6-9C93-9F3BAF25FD67}
	EndGlobalSection
EndGlobal
